// !$*UTF8*$!
{
	archiveVersion = 1;
	classes = {
	};
	objectVersion = 46;
	objects = {

/* Begin PBXBuildFile section */
		66BC3598197123B400C30F7B /* Foundation.framework in Frameworks */ = {isa = PBXBuildFile; fileRef = 66BC3597197123B400C30F7B /* Foundation.framework */; };
		66BC359A197123B400C30F7B /* CoreGraphics.framework in Frameworks */ = {isa = PBXBuildFile; fileRef = 66BC3599197123B400C30F7B /* CoreGraphics.framework */; };
		66BC359C197123B400C30F7B /* UIKit.framework in Frameworks */ = {isa = PBXBuildFile; fileRef = 66BC359B197123B400C30F7B /* UIKit.framework */; };
		66BC35A2197123B400C30F7B /* InfoPlist.strings in Resources */ = {isa = PBXBuildFile; fileRef = 66BC35A0197123B400C30F7B /* InfoPlist.strings */; };
		66BC35A4197123B400C30F7B /* main.m in Sources */ = {isa = PBXBuildFile; fileRef = 66BC35A3197123B400C30F7B /* main.m */; };
		66BC35A8197123B400C30F7B /* CUAppDelegate.m in Sources */ = {isa = PBXBuildFile; fileRef = 66BC35A7197123B400C30F7B /* CUAppDelegate.m */; };
		66BC35AB197123B500C30F7B /* Main.storyboard in Resources */ = {isa = PBXBuildFile; fileRef = 66BC35A9197123B500C30F7B /* Main.storyboard */; };
		66BC35AE197123B500C30F7B /* CUViewController.m in Sources */ = {isa = PBXBuildFile; fileRef = 66BC35AD197123B500C30F7B /* CUViewController.m */; };
		66BC35B0197123B500C30F7B /* Images.xcassets in Resources */ = {isa = PBXBuildFile; fileRef = 66BC35AF197123B500C30F7B /* Images.xcassets */; };
		66BC35B7197123B500C30F7B /* XCTest.framework in Frameworks */ = {isa = PBXBuildFile; fileRef = 66BC35B6197123B500C30F7B /* XCTest.framework */; };
		66BC35B8197123B500C30F7B /* Foundation.framework in Frameworks */ = {isa = PBXBuildFile; fileRef = 66BC3597197123B400C30F7B /* Foundation.framework */; };
		66BC35B9197123B500C30F7B /* UIKit.framework in Frameworks */ = {isa = PBXBuildFile; fileRef = 66BC359B197123B400C30F7B /* UIKit.framework */; };
		66BC35C1197123B500C30F7B /* InfoPlist.strings in Resources */ = {isa = PBXBuildFile; fileRef = 66BC35BF197123B500C30F7B /* InfoPlist.strings */; };
		66BC35C3197123B500C30F7B /* ContinuumTests.m in Sources */ = {isa = PBXBuildFile; fileRef = 66BC35C2197123B500C30F7B /* ContinuumTests.m */; };
		66BC35CD1971242E00C30F7B /* MediaPlayer.framework in Frameworks */ = {isa = PBXBuildFile; fileRef = 66BC35CC1971242E00C30F7B /* MediaPlayer.framework */; };
		66BC35CF19714BE700C30F7B /* CoreBluetooth.framework in Frameworks */ = {isa = PBXBuildFile; fileRef = 66BC35CE19714BE600C30F7B /* CoreBluetooth.framework */; };
		66BC35D11971510100C30F7B /* CoreMotion.framework in Frameworks */ = {isa = PBXBuildFile; fileRef = 66BC35D01971510100C30F7B /* CoreMotion.framework */; };
/* End PBXBuildFile section */

/* Begin PBXContainerItemProxy section */
		66BC35BA197123B500C30F7B /* PBXContainerItemProxy */ = {
			isa = PBXContainerItemProxy;
			containerPortal = 66BC358C197123B400C30F7B /* Project object */;
			proxyType = 1;
			remoteGlobalIDString = 66BC3593197123B400C30F7B;
			remoteInfo = Continuum;
		};
/* End PBXContainerItemProxy section */

/* Begin PBXFileReference section */
		66BC3594197123B400C30F7B /* Continuum.app */ = {isa = PBXFileReference; explicitFileType = wrapper.application; includeInIndex = 0; path = Continuum.app; sourceTree = BUILT_PRODUCTS_DIR; };
		66BC3597197123B400C30F7B /* Foundation.framework */ = {isa = PBXFileReference; lastKnownFileType = wrapper.framework; name = Foundation.framework; path = System/Library/Frameworks/Foundation.framework; sourceTree = SDKROOT; };
		66BC3599197123B400C30F7B /* CoreGraphics.framework */ = {isa = PBXFileReference; lastKnownFileType = wrapper.framework; name = CoreGraphics.framework; path = System/Library/Frameworks/CoreGraphics.framework; sourceTree = SDKROOT; };
		66BC359B197123B400C30F7B /* UIKit.framework */ = {isa = PBXFileReference; lastKnownFileType = wrapper.framework; name = UIKit.framework; path = System/Library/Frameworks/UIKit.framework; sourceTree = SDKROOT; };
		66BC359F197123B400C30F7B /* Continuum-Info.plist */ = {isa = PBXFileReference; lastKnownFileType = text.plist.xml; path = "Continuum-Info.plist"; sourceTree = "<group>"; };
		66BC35A1197123B400C30F7B /* en */ = {isa = PBXFileReference; lastKnownFileType = text.plist.strings; name = en; path = en.lproj/InfoPlist.strings; sourceTree = "<group>"; };
		66BC35A3197123B400C30F7B /* main.m */ = {isa = PBXFileReference; lastKnownFileType = sourcecode.c.objc; path = main.m; sourceTree = "<group>"; };
		66BC35A5197123B400C30F7B /* Continuum-Prefix.pch */ = {isa = PBXFileReference; lastKnownFileType = sourcecode.c.h; path = "Continuum-Prefix.pch"; sourceTree = "<group>"; };
		66BC35A6197123B400C30F7B /* CUAppDelegate.h */ = {isa = PBXFileReference; lastKnownFileType = sourcecode.c.h; path = CUAppDelegate.h; sourceTree = "<group>"; };
		66BC35A7197123B400C30F7B /* CUAppDelegate.m */ = {isa = PBXFileReference; lastKnownFileType = sourcecode.c.objc; path = CUAppDelegate.m; sourceTree = "<group>"; };
		66BC35AA197123B500C30F7B /* Base */ = {isa = PBXFileReference; lastKnownFileType = file.storyboard; name = Base; path = Base.lproj/Main.storyboard; sourceTree = "<group>"; };
		66BC35AC197123B500C30F7B /* CUViewController.h */ = {isa = PBXFileReference; lastKnownFileType = sourcecode.c.h; path = CUViewController.h; sourceTree = "<group>"; };
		66BC35AD197123B500C30F7B /* CUViewController.m */ = {isa = PBXFileReference; lastKnownFileType = sourcecode.c.objc; path = CUViewController.m; sourceTree = "<group>"; };
		66BC35AF197123B500C30F7B /* Images.xcassets */ = {isa = PBXFileReference; lastKnownFileType = folder.assetcatalog; path = Images.xcassets; sourceTree = "<group>"; };
		66BC35B5197123B500C30F7B /* ContinuumTests.xctest */ = {isa = PBXFileReference; explicitFileType = wrapper.cfbundle; includeInIndex = 0; path = ContinuumTests.xctest; sourceTree = BUILT_PRODUCTS_DIR; };
		66BC35B6197123B500C30F7B /* XCTest.framework */ = {isa = PBXFileReference; lastKnownFileType = wrapper.framework; name = XCTest.framework; path = Library/Frameworks/XCTest.framework; sourceTree = DEVELOPER_DIR; };
		66BC35BE197123B500C30F7B /* ContinuumTests-Info.plist */ = {isa = PBXFileReference; lastKnownFileType = text.plist.xml; path = "ContinuumTests-Info.plist"; sourceTree = "<group>"; };
		66BC35C0197123B500C30F7B /* en */ = {isa = PBXFileReference; lastKnownFileType = text.plist.strings; name = en; path = en.lproj/InfoPlist.strings; sourceTree = "<group>"; };
		66BC35C2197123B500C30F7B /* ContinuumTests.m */ = {isa = PBXFileReference; lastKnownFileType = sourcecode.c.objc; path = ContinuumTests.m; sourceTree = "<group>"; };
		66BC35CC1971242E00C30F7B /* MediaPlayer.framework */ = {isa = PBXFileReference; lastKnownFileType = wrapper.framework; name = MediaPlayer.framework; path = System/Library/Frameworks/MediaPlayer.framework; sourceTree = SDKROOT; };
		66BC35CE19714BE600C30F7B /* CoreBluetooth.framework */ = {isa = PBXFileReference; lastKnownFileType = wrapper.framework; name = CoreBluetooth.framework; path = System/Library/Frameworks/CoreBluetooth.framework; sourceTree = SDKROOT; };
		66BC35D01971510100C30F7B /* CoreMotion.framework */ = {isa = PBXFileReference; lastKnownFileType = wrapper.framework; name = CoreMotion.framework; path = System/Library/Frameworks/CoreMotion.framework; sourceTree = SDKROOT; };
/* End PBXFileReference section */

/* Begin PBXFrameworksBuildPhase section */
		66BC3591197123B400C30F7B /* Frameworks */ = {
			isa = PBXFrameworksBuildPhase;
			buildActionMask = 2147483647;
			files = (
				66BC35D11971510100C30F7B /* CoreMotion.framework in Frameworks */,
				66BC35CF19714BE700C30F7B /* CoreBluetooth.framework in Frameworks */,
				66BC35CD1971242E00C30F7B /* MediaPlayer.framework in Frameworks */,
				66BC359A197123B400C30F7B /* CoreGraphics.framework in Frameworks */,
				66BC359C197123B400C30F7B /* UIKit.framework in Frameworks */,
				66BC3598197123B400C30F7B /* Foundation.framework in Frameworks */,
			);
			runOnlyForDeploymentPostprocessing = 0;
		};
		66BC35B2197123B500C30F7B /* Frameworks */ = {
			isa = PBXFrameworksBuildPhase;
			buildActionMask = 2147483647;
			files = (
				66BC35B7197123B500C30F7B /* XCTest.framework in Frameworks */,
				66BC35B9197123B500C30F7B /* UIKit.framework in Frameworks */,
				66BC35B8197123B500C30F7B /* Foundation.framework in Frameworks */,
			);
			runOnlyForDeploymentPostprocessing = 0;
		};
/* End PBXFrameworksBuildPhase section */

/* Begin PBXGroup section */
		66BC358B197123B400C30F7B = {
			isa = PBXGroup;
			children = (
				66BC359D197123B400C30F7B /* Continuum */,
				66BC35BC197123B500C30F7B /* ContinuumTests */,
				66BC3596197123B400C30F7B /* Frameworks */,
				66BC3595197123B400C30F7B /* Products */,
			);
			sourceTree = "<group>";
		};
		66BC3595197123B400C30F7B /* Products */ = {
			isa = PBXGroup;
			children = (
				66BC3594197123B400C30F7B /* Continuum.app */,
				66BC35B5197123B500C30F7B /* ContinuumTests.xctest */,
			);
			name = Products;
			sourceTree = "<group>";
		};
		66BC3596197123B400C30F7B /* Frameworks */ = {
			isa = PBXGroup;
			children = (
				66BC35D01971510100C30F7B /* CoreMotion.framework */,
				66BC35CE19714BE600C30F7B /* CoreBluetooth.framework */,
				66BC35CC1971242E00C30F7B /* MediaPlayer.framework */,
				66BC3597197123B400C30F7B /* Foundation.framework */,
				66BC3599197123B400C30F7B /* CoreGraphics.framework */,
				66BC359B197123B400C30F7B /* UIKit.framework */,
				66BC35B6197123B500C30F7B /* XCTest.framework */,
			);
			name = Frameworks;
			sourceTree = "<group>";
		};
		66BC359D197123B400C30F7B /* Continuum */ = {
			isa = PBXGroup;
			children = (
				66BC35A6197123B400C30F7B /* CUAppDelegate.h */,
				66BC35A7197123B400C30F7B /* CUAppDelegate.m */,
				66BC35A9197123B500C30F7B /* Main.storyboard */,
				66BC35AC197123B500C30F7B /* CUViewController.h */,
				66BC35AD197123B500C30F7B /* CUViewController.m */,
				66BC35AF197123B500C30F7B /* Images.xcassets */,
				66BC359E197123B400C30F7B /* Supporting Files */,
			);
			path = Continuum;
			sourceTree = "<group>";
		};
		66BC359E197123B400C30F7B /* Supporting Files */ = {
			isa = PBXGroup;
			children = (
				66BC359F197123B400C30F7B /* Continuum-Info.plist */,
				66BC35A0197123B400C30F7B /* InfoPlist.strings */,
				66BC35A3197123B400C30F7B /* main.m */,
				66BC35A5197123B400C30F7B /* Continuum-Prefix.pch */,
			);
			name = "Supporting Files";
			sourceTree = "<group>";
		};
		66BC35BC197123B500C30F7B /* ContinuumTests */ = {
			isa = PBXGroup;
			children = (
				66BC35C2197123B500C30F7B /* ContinuumTests.m */,
				66BC35BD197123B500C30F7B /* Supporting Files */,
			);
			path = ContinuumTests;
			sourceTree = "<group>";
		};
		66BC35BD197123B500C30F7B /* Supporting Files */ = {
			isa = PBXGroup;
			children = (
				66BC35BE197123B500C30F7B /* ContinuumTests-Info.plist */,
				66BC35BF197123B500C30F7B /* InfoPlist.strings */,
			);
			name = "Supporting Files";
			sourceTree = "<group>";
		};
/* End PBXGroup section */

/* Begin PBXNativeTarget section */
		66BC3593197123B400C30F7B /* Continuum */ = {
			isa = PBXNativeTarget;
			buildConfigurationList = 66BC35C6197123B500C30F7B /* Build configuration list for PBXNativeTarget "Continuum" */;
			buildPhases = (
				66BC3590197123B400C30F7B /* Sources */,
				66BC3591197123B400C30F7B /* Frameworks */,
				66BC3592197123B400C30F7B /* Resources */,
			);
			buildRules = (
			);
			dependencies = (
			);
			name = Continuum;
			productName = Continuum;
			productReference = 66BC3594197123B400C30F7B /* Continuum.app */;
			productType = "com.apple.product-type.application";
		};
		66BC35B4197123B500C30F7B /* ContinuumTests */ = {
			isa = PBXNativeTarget;
			buildConfigurationList = 66BC35C9197123B500C30F7B /* Build configuration list for PBXNativeTarget "ContinuumTests" */;
			buildPhases = (
				66BC35B1197123B500C30F7B /* Sources */,
				66BC35B2197123B500C30F7B /* Frameworks */,
				66BC35B3197123B500C30F7B /* Resources */,
			);
			buildRules = (
			);
			dependencies = (
				66BC35BB197123B500C30F7B /* PBXTargetDependency */,
			);
			name = ContinuumTests;
			productName = ContinuumTests;
			productReference = 66BC35B5197123B500C30F7B /* ContinuumTests.xctest */;
			productType = "com.apple.product-type.bundle.unit-test";
		};
/* End PBXNativeTarget section */

/* Begin PBXProject section */
		66BC358C197123B400C30F7B /* Project object */ = {
			isa = PBXProject;
			attributes = {
				CLASSPREFIX = CU;
				LastUpgradeCheck = 0510;
				ORGANIZATIONNAME = "Sam Bodanis";
				TargetAttributes = {
					66BC3593197123B400C30F7B = {
						SystemCapabilities = {
							com.apple.BackgroundModes = {
								enabled = 1;
							};
						};
					};
					66BC35B4197123B500C30F7B = {
						TestTargetID = 66BC3593197123B400C30F7B;
					};
				};
			};
			buildConfigurationList = 66BC358F197123B400C30F7B /* Build configuration list for PBXProject "Continuum" */;
			compatibilityVersion = "Xcode 3.2";
			developmentRegion = English;
			hasScannedForEncodings = 0;
			knownRegions = (
				en,
				Base,
			);
			mainGroup = 66BC358B197123B400C30F7B;
			productRefGroup = 66BC3595197123B400C30F7B /* Products */;
			projectDirPath = "";
			projectRoot = "";
			targets = (
				66BC3593197123B400C30F7B /* Continuum */,
				66BC35B4197123B500C30F7B /* ContinuumTests */,
			);
		};
/* End PBXProject section */

/* Begin PBXResourcesBuildPhase section */
		66BC3592197123B400C30F7B /* Resources */ = {
			isa = PBXResourcesBuildPhase;
			buildActionMask = 2147483647;
			files = (
				66BC35B0197123B500C30F7B /* Images.xcassets in Resources */,
				66BC35A2197123B400C30F7B /* InfoPlist.strings in Resources */,
				66BC35AB197123B500C30F7B /* Main.storyboard in Resources */,
			);
			runOnlyForDeploymentPostprocessing = 0;
		};
		66BC35B3197123B500C30F7B /* Resources */ = {
			isa = PBXResourcesBuildPhase;
			buildActionMask = 2147483647;
			files = (
				66BC35C1197123B500C30F7B /* InfoPlist.strings in Resources */,
			);
			runOnlyForDeploymentPostprocessing = 0;
		};
/* End PBXResourcesBuildPhase section */

/* Begin PBXSourcesBuildPhase section */
		66BC3590197123B400C30F7B /* Sources */ = {
			isa = PBXSourcesBuildPhase;
			buildActionMask = 2147483647;
			files = (
				66BC35A8197123B400C30F7B /* CUAppDelegate.m in Sources */,
				66BC35A4197123B400C30F7B /* main.m in Sources */,
				66BC35AE197123B500C30F7B /* CUViewController.m in Sources */,
			);
			runOnlyForDeploymentPostprocessing = 0;
		};
		66BC35B1197123B500C30F7B /* Sources */ = {
			isa = PBXSourcesBuildPhase;
			buildActionMask = 2147483647;
			files = (
				66BC35C3197123B500C30F7B /* ContinuumTests.m in Sources */,
			);
			runOnlyForDeploymentPostprocessing = 0;
		};
/* End PBXSourcesBuildPhase section */

/* Begin PBXTargetDependency section */
		66BC35BB197123B500C30F7B /* PBXTargetDependency */ = {
			isa = PBXTargetDependency;
			target = 66BC3593197123B400C30F7B /* Continuum */;
			targetProxy = 66BC35BA197123B500C30F7B /* PBXContainerItemProxy */;
		};
/* End PBXTargetDependency section */

/* Begin PBXVariantGroup section */
		66BC35A0197123B400C30F7B /* InfoPlist.strings */ = {
			isa = PBXVariantGroup;
			children = (
				66BC35A1197123B400C30F7B /* en */,
			);
			name = InfoPlist.strings;
			sourceTree = "<group>";
		};
		66BC35A9197123B500C30F7B /* Main.storyboard */ = {
			isa = PBXVariantGroup;
			children = (
				66BC35AA197123B500C30F7B /* Base */,
			);
			name = Main.storyboard;
			sourceTree = "<group>";
		};
		66BC35BF197123B500C30F7B /* InfoPlist.strings */ = {
			isa = PBXVariantGroup;
			children = (
				66BC35C0197123B500C30F7B /* en */,
			);
			name = InfoPlist.strings;
			sourceTree = "<group>";
		};
/* End PBXVariantGroup section */

/* Begin XCBuildConfiguration section */
		66BC35C4197123B500C30F7B /* Debug */ = {
			isa = XCBuildConfiguration;
			buildSettings = {
				ALWAYS_SEARCH_USER_PATHS = NO;
				CLANG_CXX_LANGUAGE_STANDARD = "gnu++0x";
				CLANG_CXX_LIBRARY = "libc++";
				CLANG_ENABLE_MODULES = YES;
				CLANG_ENABLE_OBJC_ARC = YES;
				CLANG_WARN_BOOL_CONVERSION = YES;
				CLANG_WARN_CONSTANT_CONVERSION = YES;
				CLANG_WARN_DIRECT_OBJC_ISA_USAGE = YES_ERROR;
				CLANG_WARN_EMPTY_BODY = YES;
				CLANG_WARN_ENUM_CONVERSION = YES;
				CLANG_WARN_INT_CONVERSION = YES;
				CLANG_WARN_OBJC_ROOT_CLASS = YES_ERROR;
				CLANG_WARN__DUPLICATE_METHOD_MATCH = YES;
				"CODE_SIGN_IDENTITY[sdk=iphoneos*]" = "iPhone Developer";
				COPY_PHASE_STRIP = NO;
				GCC_C_LANGUAGE_STANDARD = gnu99;
				GCC_DYNAMIC_NO_PIC = NO;
				GCC_OPTIMIZATION_LEVEL = 0;
				GCC_PREPROCESSOR_DEFINITIONS = (
					"DEBUG=1",
					"$(inherited)",
				);
				GCC_SYMBOLS_PRIVATE_EXTERN = NO;
				GCC_WARN_64_TO_32_BIT_CONVERSION = YES;
				GCC_WARN_ABOUT_RETURN_TYPE = YES_ERROR;
				GCC_WARN_UNDECLARED_SELECTOR = YES;
				GCC_WARN_UNINITIALIZED_AUTOS = YES_AGGRESSIVE;
				GCC_WARN_UNUSED_FUNCTION = YES;
				GCC_WARN_UNUSED_VARIABLE = YES;
				IPHONEOS_DEPLOYMENT_TARGET = 7.1;
				ONLY_ACTIVE_ARCH = YES;
				SDKROOT = iphoneos;
			};
			name = Debug;
		};
		66BC35C5197123B500C30F7B /* Release */ = {
			isa = XCBuildConfiguration;
			buildSettings = {
				ALWAYS_SEARCH_USER_PATHS = NO;
				CLANG_CXX_LANGUAGE_STANDARD = "gnu++0x";
				CLANG_CXX_LIBRARY = "libc++";
				CLANG_ENABLE_MODULES = YES;
				CLANG_ENABLE_OBJC_ARC = YES;
				CLANG_WARN_BOOL_CONVERSION = YES;
				CLANG_WARN_CONSTANT_CONVERSION = YES;
				CLANG_WARN_DIRECT_OBJC_ISA_USAGE = YES_ERROR;
				CLANG_WARN_EMPTY_BODY = YES;
				CLANG_WARN_ENUM_CONVERSION = YES;
				CLANG_WARN_INT_CONVERSION = YES;
				CLANG_WARN_OBJC_ROOT_CLASS = YES_ERROR;
				CLANG_WARN__DUPLICATE_METHOD_MATCH = YES;
				"CODE_SIGN_IDENTITY[sdk=iphoneos*]" = "iPhone Developer";
				COPY_PHASE_STRIP = YES;
				ENABLE_NS_ASSERTIONS = NO;
				GCC_C_LANGUAGE_STANDARD = gnu99;
				GCC_WARN_64_TO_32_BIT_CONVERSION = YES;
				GCC_WARN_ABOUT_RETURN_TYPE = YES_ERROR;
				GCC_WARN_UNDECLARED_SELECTOR = YES;
				GCC_WARN_UNINITIALIZED_AUTOS = YES_AGGRESSIVE;
				GCC_WARN_UNUSED_FUNCTION = YES;
				GCC_WARN_UNUSED_VARIABLE = YES;
				IPHONEOS_DEPLOYMENT_TARGET = 7.1;
				SDKROOT = iphoneos;
				VALIDATE_PRODUCT = YES;
			};
			name = Release;
		};
		66BC35C7197123B500C30F7B /* Debug */ = {
			isa = XCBuildConfiguration;
			buildSettings = {
				ASSETCATALOG_COMPILER_APPICON_NAME = AppIcon;
				ASSETCATALOG_COMPILER_LAUNCHIMAGE_NAME = LaunchImage;
				GCC_PRECOMPILE_PREFIX_HEADER = YES;
				GCC_PREFIX_HEADER = "Continuum/Continuum-Prefix.pch";
				INFOPLIST_FILE = "Continuum/Continuum-Info.plist";
				PRODUCT_NAME = "$(TARGET_NAME)";
				WRAPPER_EXTENSION = app;
			};
			name = Debug;
		};
		66BC35C8197123B500C30F7B /* Release */ = {
			isa = XCBuildConfiguration;
			buildSettings = {
				ASSETCATALOG_COMPILER_APPICON_NAME = AppIcon;
				ASSETCATALOG_COMPILER_LAUNCHIMAGE_NAME = LaunchImage;
				GCC_PRECOMPILE_PREFIX_HEADER = YES;
				GCC_PREFIX_HEADER = "Continuum/Continuum-Prefix.pch";
				INFOPLIST_FILE = "Continuum/Continuum-Info.plist";
				PRODUCT_NAME = "$(TARGET_NAME)";
				WRAPPER_EXTENSION = app;
			};
			name = Release;
		};
		66BC35CA197123B500C30F7B /* Debug */ = {
			isa = XCBuildConfiguration;
			buildSettings = {
				BUNDLE_LOADER = "$(BUILT_PRODUCTS_DIR)/Continuum.app/Continuum";
				FRAMEWORK_SEARCH_PATHS = (
					"$(SDKROOT)/Developer/Library/Frameworks",
					"$(inherited)",
					"$(DEVELOPER_FRAMEWORKS_DIR)",
				);
				GCC_PRECOMPILE_PREFIX_HEADER = YES;
				GCC_PREFIX_HEADER = "Continuum/Continuum-Prefix.pch";
				GCC_PREPROCESSOR_DEFINITIONS = (
					"DEBUG=1",
					"$(inherited)",
				);
				INFOPLIST_FILE = "ContinuumTests/ContinuumTests-Info.plist";
				PRODUCT_NAME = "$(TARGET_NAME)";
				TEST_HOST = "$(BUNDLE_LOADER)";
				WRAPPER_EXTENSION = xctest;
			};
			name = Debug;
		};
		66BC35CB197123B500C30F7B /* Release */ = {
			isa = XCBuildConfiguration;
			buildSettings = {
				BUNDLE_LOADER = "$(BUILT_PRODUCTS_DIR)/Continuum.app/Continuum";
				FRAMEWORK_SEARCH_PATHS = (
					"$(SDKROOT)/Developer/Library/Frameworks",
					"$(inherited)",
					"$(DEVELOPER_FRAMEWORKS_DIR)",
				);
				GCC_PRECOMPILE_PREFIX_HEADER = YES;
				GCC_PREFIX_HEADER = "Continuum/Continuum-Prefix.pch";
				INFOPLIST_FILE = "ContinuumTests/ContinuumTests-Info.plist";
				PRODUCT_NAME = "$(TARGET_NAME)";
				TEST_HOST = "$(BUNDLE_LOADER)";
				WRAPPER_EXTENSION = xctest;
			};
			name = Release;
		};
/* End XCBuildConfiguration section */

/* Begin XCConfigurationList section */
		66BC358F197123B400C30F7B /* Build configuration list for PBXProject "Continuum" */ = {
			isa = XCConfigurationList;
			buildConfigurations = (
				66BC35C4197123B500C30F7B /* Debug */,
				66BC35C5197123B500C30F7B /* Release */,
			);
			defaultConfigurationIsVisible = 0;
			defaultConfigurationName = Release;
		};
		66BC35C6197123B500C30F7B /* Build configuration list for PBXNativeTarget "Continuum" */ = {
			isa = XCConfigurationList;
			buildConfigurations = (
				66BC35C7197123B500C30F7B /* Debug */,
				66BC35C8197123B500C30F7B /* Release */,
			);
			defaultConfigurationIsVisible = 0;
			defaultConfigurationName = Release;
		};
		66BC35C9197123B500C30F7B /* Build configuration list for PBXNativeTarget "ContinuumTests" */ = {
			isa = XCConfigurationList;
			buildConfigurations = (
				66BC35CA197123B500C30F7B /* Debug */,
				66BC35CB197123B500C30F7B /* Release */,
			);
			defaultConfigurationIsVisible = 0;
			defaultConfigurationName = Release;
		};
/* End XCConfigurationList section */
	};
	rootObject = 66BC358C197123B400C30F7B /* Project object */;
}
